{
  "name": "@typing/api-serializers",
  "version": "0.1.0",
  "lockfileVersion": 3,
  "requires": true,
  "packages": {
    "": {
      "name": "@typing/api-serializers",
      "version": "0.1.0",
      "license": "MIT",
      "dependencies": {
        "@typing/core": "file:../typing-core",
        "@typing/question-sets": "file:../typing-question-sets"
      },
      "devDependencies": {
        "typescript": "^5.2.2"
      }
    },
    "../typing-core": {
      "name": "@typing/core",
      "version": "0.1.0",
      "license": "MIT",
      "devDependencies": {
        "typescript": "^5.2.2"
      }
    },
    "../typing-question-sets": {
      "version": "0.1.0",
      "license": "MIT",
      "dependencies": {
        "@typing/core": "file:../typing-core"
      },
      "devDependencies": {
        "typescript": "^5.2.2"
      }
    },
    "node_modules/@typing/core": {
      "resolved": "../typing-core",
      "link": true
    },
    "node_modules/@typing/question-sets": {
      "resolved": "../typing-question-sets",
      "link": true
    },
    "node_modules/typescript": {
      "version": "5.2.2",
      "resolved": "https://registry.npmjs.org/typescript/-/typescript-5.2.2.tgz",
      "integrity": "sha512-mI4WrpHsbCIcwT9cF4FZvr80QUeKvsUsUvKDoR+X/7XHQH98xYD8YHZg7ANtz2GtZt/CBq2QJ0thkGJMHfqc1w==",
      "dev": true,
      "bin": {
        "tsc": "bin/tsc",
        "tsserver": "bin/tsserver"
      },
      "engines": {
        "node": ">=14.17"
      }
    }
  }
}
