{
  "name": "@typing/question-sets",
  "version": "0.1.0",
  "lockfileVersion": 3,
  "requires": true,
  "packages": {
    "": {
      "name": "@typing/question-sets",
      "version": "0.1.0",
      "license": "MIT",
      "dependencies": {
        "@typing/core": "file:../typing-core",
        "hiragana-parser": "github:chvmvd/HiraganaParser"
      },
      "devDependencies": {
        "typescript": "^5.2.2"
      }
    },
    "../typing-core": {
      "name": "@typing/core",
      "version": "0.1.0",
      "license": "MIT",
      "devDependencies": {
        "typescript": "^5.2.2",
        "vitest": "^0.34.6"
      }
    },
    "node_modules/@typing/core": {
      "resolved": "../typing-core",
      "link": true
    },
    "node_modules/hiragana-parser": {
      "version": "1.2.2",
      "resolved": "git+ssh://git@github.com/chvmvd/HiraganaParser.git#7d9832771356ce5b6c077cd524d1d1216cbc7a38",
      "license": "MIT"
    },
    "node_modules/typescript": {
      "version": "5.2.2",
      "resolved": "https://registry.npmjs.org/typescript/-/typescript-5.2.2.tgz",
      "integrity": "sha512-mI4WrpHsbCIcwT9cF4FZvr80QUeKvsUsUvKDoR+X/7XHQH98xYD8YHZg7ANtz2GtZt/CBq2QJ0thkGJMHfqc1w==",
      "dev": true,
      "bin": {
        "tsc": "bin/tsc",
        "tsserver": "bin/tsserver"
      },
      "engines": {
        "node": ">=14.17"
      }
    }
  }
}
